
Microsoft Visual Studio Solution File, Format Version 12.00
# Visual Studio Version 16
VisualStudioVersion = 16.0.30320.27
MinimumVisualStudioVersion = 10.0.40219.1
Project("{9A19103F-16F7-4668-BE54-9A1E7A4F7556}") = "App", "Desktop App\App.csproj", "{060FBAF4-D401-408A-B212-16A65D27DC79}"
EndProject
Project("{9A19103F-16F7-4668-BE54-9A1E7A4F7556}") = "API", "API\API.csproj", "{F1A18586-1E37-4E78-9B1F-057090AE661A}"
EndProject
Project("{9A19103F-16F7-4668-BE54-9A1E7A4F7556}") = "Models", "Models\Models.csproj", "{7A0B655D-BB05-407D-9F4D-3BE0D129ABD2}"
EndProject
Global
	GlobalSection(SolutionConfigurationPlatforms) = preSolution
		Debug|Any CPU = Debug|Any CPU
		Release|Any CPU = Release|Any CPU
	EndGlobalSection
	GlobalSection(ProjectConfigurationPlatforms) = postSolution
		{060FBAF4-D401-408A-B212-16A65D27DC79}.Debug|Any CPU.ActiveCfg = Debug|Any CPU
		{060FBAF4-D401-408A-B212-16A65D27DC79}.Debug|Any CPU.Build.0 = Debug|Any CPU
		{060FBAF4-D401-408A-B212-16A65D27DC79}.Release|Any CPU.ActiveCfg = Release|Any CPU
		{060FBAF4-D401-408A-B212-16A65D27DC79}.Release|Any CPU.Build.0 = Release|Any CPU
		{F1A18586-1E37-4E78-9B1F-057090AE661A}.Debug|Any CPU.ActiveCfg = Debug|Any CPU
		{F1A18586-1E37-4E78-9B1F-057090AE661A}.Debug|Any CPU.Build.0 = Debug|Any CPU
		{F1A18586-1E37-4E78-9B1F-057090AE661A}.Release|Any CPU.ActiveCfg = Release|Any CPU
		{F1A18586-1E37-4E78-9B1F-057090AE661A}.Release|Any CPU.Build.0 = Release|Any CPU
		{7A0B655D-BB05-407D-9F4D-3BE0D129ABD2}.Debug|Any CPU.ActiveCfg = Debug|Any CPU
		{7A0B655D-BB05-407D-9F4D-3BE0D129ABD2}.Debug|Any CPU.Build.0 = Debug|Any CPU
		{7A0B655D-BB05-407D-9F4D-3BE0D129ABD2}.Release|Any CPU.ActiveCfg = Release|Any CPU
		{7A0B655D-BB05-407D-9F4D-3BE0D129ABD2}.Release|Any CPU.Build.0 = Release|Any CPU
	EndGlobalSection
	GlobalSection(SolutionProperties) = preSolution
		HideSolutionNode = FALSE
	EndGlobalSection
	GlobalSection(ExtensibilityGlobals) = postSolution
		SolutionGuid = {03B3044D-CBDC-45B8-9561-74106248D5DB}
	EndGlobalSection
EndGlobal
